{
    "_meta": {
        "hash": {
            "sha256": "6c2889058ab3a256c662f89d530eedad91c04357f4616668b7a88a3921cb2086"
        },
        "pipfile-spec": 6,
        "requires": {
            "python_version": "3.11"
        },
        "sources": [
            {
                "name": "pypi",
                "url": "https://pypi.org/simple",
                "verify_ssl": true
            }
        ]
    },
    "default": {
        "pytube": {
            "hashes": [
                "sha256:076052efe76f390dfa24b1194ff821d4e86c17d41cb5562f3a276a8bcbfc9d1d",
                "sha256:07b9904749e213485780d7eb606e5e5b8e4341aa4dccf699160876da00e12d78"
            ],
            "index": "pypi",
            "version": "==15.0.0"
        }
    },
    "develop": {
        "altgraph": {
            "hashes": [
                "sha256:ad33358114df7c9416cdb8fa1eaa5852166c505118717021c6a8c7c7abbd03dd",
                "sha256:c8ac1ca6772207179ed8003ce7687757c04b0b71536f81e2ac5755c6226458fe"
            ],
            "version": "==0.17.3"
        },
        "pefile": {
            "hashes": [
                "sha256:82e6114004b3d6911c77c3953e3838654b04511b8b66e8583db70c65998017dc",
                "sha256:da185cd2af68c08a6cd4481f7325ed600a88f6a813bad9dea07ab3ef73d8d8d6"
            ],
            "markers": "sys_platform == 'win32'",
            "version": "==2023.2.7"
        },
        "pyinstaller": {
            "hashes": [
                "sha256:16cbd66b59a37f4ee59373a003608d15df180a0d9eb1a29ff3bfbfae64b23d0f",
                "sha256:27cd64e7cc6b74c5b1066cbf47d75f940b71356166031deb9778a2579bb874c6",
                "sha256:2c2fe9c52cb4577a3ac39626b84cf16cf30c2792f785502661286184f162ae0d",
                "sha256:421cd24f26144f19b66d3868b49ed673176765f92fa9f7914cd2158d25b6d17e",
                "sha256:65133ed89467edb2862036b35d7c5ebd381670412e1e4361215e289c786dd4e6",
                "sha256:7d51734423685ab2a4324ab2981d9781b203dcae42839161a9ee98bfeaabdade",
                "sha256:8f6dd0e797ae7efdd79226f78f35eb6a4981db16c13325e962a83395c0ec7420",
                "sha256:aadafb6f213549a5906829bb252e586e2cf72a7fbdb5731810695e6516f0ab30",
                "sha256:b2e1c7f5cceb5e9800927ddd51acf9cc78fbaa9e79e822c48b0ee52d9ce3c892",
                "sha256:c63ef6133eefe36c4b2f4daf4cfea3d6412ece2ca218f77aaf967e52a95ac9b8",
                "sha256:c8e5d3489c3a7cc5f8401c2d1f48a70e588f9967e391c3b06ddac1f685f8d5d2",
                "sha256:ddcc2b36052a70052479a9e5da1af067b4496f43686ca3cdda99f8367d0627e4"
            ],
            "index": "pypi",
            "version": "==5.13.2"
        },
        "pyinstaller-hooks-contrib": {
            "hashes": [
                "sha256:318ccc316fb2b8c0bbdff2456b444bf1ce0e94cb3948a0f4dd48f6fc33d41c01",
                "sha256:d091a52fbeed71cde0359aa9ad66288521a8441cfba163d9446606c5136c72a8"
            ],
            "markers": "python_version >= '3.7'",
            "version": "==2023.8"
        },
        "pywin32-ctypes": {
            "hashes": [
                "sha256:3426e063bdd5fd4df74a14fa3cf80a0b42845a87e1d1e81f6549f9daec593a60",
                "sha256:bf490a1a709baf35d688fe0ecf980ed4de11d2b3e37b51e5442587a75d9957e7"
            ],
            "markers": "sys_platform == 'win32'",
            "version": "==0.2.2"
        },
        "setuptools": {
            "hashes": [
                "sha256:00478ca80aeebeecb2f288d3206b0de568df5cd2b8fada1209843cc9a8d88a48",
                "sha256:af3d5949030c3f493f550876b2fd1dd5ec66689c4ee5d5344f009746f71fd5a8"
            ],
            "markers": "python_version >= '3.8'",
            "version": "==68.2.0"
        }
    }
}
